
Microsoft Visual Studio Solution File, Format Version 12.00
# Visual Studio Version 17
VisualStudioVersion = 17.13.35825.156 d17.13
MinimumVisualStudioVersion = 10.0.40219.1
Project("{2150E333-8FDC-42A3-9474-1A3956D46DE8}") = "ApiGateway", "ApiGateway", "{02EA681E-C7D8-13C7-8484-4AC65E1B71E8}"
EndProject
Project("{2150E333-8FDC-42A3-9474-1A3956D46DE8}") = "BuildingBlocks", "BuildingBlocks", "{78B88A3F-B771-494F-BE0F-91E2194D8BE4}"
EndProject
Project("{2150E333-8FDC-42A3-9474-1A3956D46DE8}") = "Infrastructure", "Infrastructure", "{A964BA5C-575D-45E7-816F-3ECF7BC41294}"
EndProject
Project("{2150E333-8FDC-42A3-9474-1A3956D46DE8}") = "Service", "Service", "{DAC60EAB-44E4-491E-B240-03E85B948CE8}"
EndProject
Project("{2150E333-8FDC-42A3-9474-1A3956D46DE8}") = "Identity", "Identity", "{79B0C425-ED81-4A94-8684-1F9CDBB95F1F}"
EndProject
Project("{FAE04EC0-301F-11D3-BF4B-00C04F79EFBC}") = "PetPlatform.Identity.API", "PetPlatform.Identity.API\PetPlatform.Identity.API.csproj", "{2C02F0EA-EE55-4E1E-94A4-60D1C8C7CCCC}"
EndProject
Project("{FAE04EC0-301F-11D3-BF4B-00C04F79EFBC}") = "PetPlatform.Identity.Application", "PetPlatform.Identity.Application\PetPlatform.Identity.Application.csproj", "{EE6C4764-990E-4611-A81B-F2C5E9F96A86}"
EndProject
Project("{FAE04EC0-301F-11D3-BF4B-00C04F79EFBC}") = "PetPlatform.Identity.Infrastructure", "PetPlatform.Identity.Infrastructure\PetPlatform.Identity.Infrastructure.csproj", "{77EE9D04-14FC-4A4D-ABE5-6745944074B2}"
EndProject
Project("{FAE04EC0-301F-11D3-BF4B-00C04F79EFBC}") = "PetPlatform.Identity.Domain", "PetPlatform.Identity.Domain\PetPlatform.Identity.Domain.csproj", "{64D5779F-C759-4199-AC66-C12242CDBF0F}"
EndProject
Project("{2150E333-8FDC-42A3-9474-1A3956D46DE8}") = "Product", "Product", "{F3613427-50AB-4CBF-861C-E47FD158B9AF}"
EndProject
Project("{2150E333-8FDC-42A3-9474-1A3956D46DE8}") = "Order", "Order", "{0F77ED5A-37F2-4D37-A0AB-ABF92ABDDBC7}"
EndProject
Project("{2150E333-8FDC-42A3-9474-1A3956D46DE8}") = "Booking", "Booking", "{6EFDFF25-1015-44E9-94D9-464324E53668}"
EndProject
Project("{2150E333-8FDC-42A3-9474-1A3956D46DE8}") = "Notification", "Notification", "{50A14D14-C565-494A-B5D8-62C645F667B6}"
EndProject
Project("{2150E333-8FDC-42A3-9474-1A3956D46DE8}") = "Communication", "Communication", "{B08E0990-876E-4E81-91C7-EC7C9E69D59E}"
EndProject
Project("{2150E333-8FDC-42A3-9474-1A3956D46DE8}") = "Store", "Store", "{4FA584F9-6952-4402-B02E-F0C6BB84C15A}"
EndProject
Project("{2150E333-8FDC-42A3-9474-1A3956D46DE8}") = "Payment", "Payment", "{25C437E6-23D7-4994-A698-598CA2C1BFB3}"
EndProject
Global
	GlobalSection(SolutionConfigurationPlatforms) = preSolution
		Debug|Any CPU = Debug|Any CPU
		Release|Any CPU = Release|Any CPU
	EndGlobalSection
	GlobalSection(ProjectConfigurationPlatforms) = postSolution
		{2C02F0EA-EE55-4E1E-94A4-60D1C8C7CCCC}.Debug|Any CPU.ActiveCfg = Debug|Any CPU
		{2C02F0EA-EE55-4E1E-94A4-60D1C8C7CCCC}.Debug|Any CPU.Build.0 = Debug|Any CPU
		{2C02F0EA-EE55-4E1E-94A4-60D1C8C7CCCC}.Release|Any CPU.ActiveCfg = Release|Any CPU
		{2C02F0EA-EE55-4E1E-94A4-60D1C8C7CCCC}.Release|Any CPU.Build.0 = Release|Any CPU
		{EE6C4764-990E-4611-A81B-F2C5E9F96A86}.Debug|Any CPU.ActiveCfg = Debug|Any CPU
		{EE6C4764-990E-4611-A81B-F2C5E9F96A86}.Debug|Any CPU.Build.0 = Debug|Any CPU
		{EE6C4764-990E-4611-A81B-F2C5E9F96A86}.Release|Any CPU.ActiveCfg = Release|Any CPU
		{EE6C4764-990E-4611-A81B-F2C5E9F96A86}.Release|Any CPU.Build.0 = Release|Any CPU
		{77EE9D04-14FC-4A4D-ABE5-6745944074B2}.Debug|Any CPU.ActiveCfg = Debug|Any CPU
		{77EE9D04-14FC-4A4D-ABE5-6745944074B2}.Debug|Any CPU.Build.0 = Debug|Any CPU
		{77EE9D04-14FC-4A4D-ABE5-6745944074B2}.Release|Any CPU.ActiveCfg = Release|Any CPU
		{77EE9D04-14FC-4A4D-ABE5-6745944074B2}.Release|Any CPU.Build.0 = Release|Any CPU
		{64D5779F-C759-4199-AC66-C12242CDBF0F}.Debug|Any CPU.ActiveCfg = Debug|Any CPU
		{64D5779F-C759-4199-AC66-C12242CDBF0F}.Debug|Any CPU.Build.0 = Debug|Any CPU
		{64D5779F-C759-4199-AC66-C12242CDBF0F}.Release|Any CPU.ActiveCfg = Release|Any CPU
		{64D5779F-C759-4199-AC66-C12242CDBF0F}.Release|Any CPU.Build.0 = Release|Any CPU
	EndGlobalSection
	GlobalSection(SolutionProperties) = preSolution
		HideSolutionNode = FALSE
	EndGlobalSection
	GlobalSection(NestedProjects) = preSolution
		{79B0C425-ED81-4A94-8684-1F9CDBB95F1F} = {DAC60EAB-44E4-491E-B240-03E85B948CE8}
		{2C02F0EA-EE55-4E1E-94A4-60D1C8C7CCCC} = {79B0C425-ED81-4A94-8684-1F9CDBB95F1F}
		{EE6C4764-990E-4611-A81B-F2C5E9F96A86} = {79B0C425-ED81-4A94-8684-1F9CDBB95F1F}
		{77EE9D04-14FC-4A4D-ABE5-6745944074B2} = {79B0C425-ED81-4A94-8684-1F9CDBB95F1F}
		{64D5779F-C759-4199-AC66-C12242CDBF0F} = {79B0C425-ED81-4A94-8684-1F9CDBB95F1F}
		{F3613427-50AB-4CBF-861C-E47FD158B9AF} = {DAC60EAB-44E4-491E-B240-03E85B948CE8}
		{0F77ED5A-37F2-4D37-A0AB-ABF92ABDDBC7} = {DAC60EAB-44E4-491E-B240-03E85B948CE8}
		{6EFDFF25-1015-44E9-94D9-464324E53668} = {DAC60EAB-44E4-491E-B240-03E85B948CE8}
		{50A14D14-C565-494A-B5D8-62C645F667B6} = {DAC60EAB-44E4-491E-B240-03E85B948CE8}
		{B08E0990-876E-4E81-91C7-EC7C9E69D59E} = {DAC60EAB-44E4-491E-B240-03E85B948CE8}
		{4FA584F9-6952-4402-B02E-F0C6BB84C15A} = {DAC60EAB-44E4-491E-B240-03E85B948CE8}
		{25C437E6-23D7-4994-A698-598CA2C1BFB3} = {DAC60EAB-44E4-491E-B240-03E85B948CE8}
	EndGlobalSection
	GlobalSection(ExtensibilityGlobals) = postSolution
		SolutionGuid = {9C92839D-9E48-4880-A95E-581ED72F7400}
	EndGlobalSection
EndGlobal
