
Microsoft Visual Studio Solution File, Format Version 12.00
# Visual Studio Version 17
VisualStudioVersion = 17.13.35825.156
MinimumVisualStudioVersion = 10.0.40219.1
Project("{2150E333-8FDC-42A3-9474-1A3956D46DE8}") = "Service", "Service", "{DAC60EAB-44E4-491E-B240-03E85B948CE8}"
EndProject
Project("{2150E333-8FDC-42A3-9474-1A3956D46DE8}") = "Identity", "Identity", "{79B0C425-ED81-4A94-8684-1F9CDBB95F1F}"
EndProject
Project("{2150E333-8FDC-42A3-9474-1A3956D46DE8}") = "Product", "Product", "{F3613427-50AB-4CBF-861C-E47FD158B9AF}"
EndProject
Project("{2150E333-8FDC-42A3-9474-1A3956D46DE8}") = "Order", "Order", "{0F77ED5A-37F2-4D37-A0AB-ABF92ABDDBC7}"
EndProject
Project("{2150E333-8FDC-42A3-9474-1A3956D46DE8}") = "Booking", "Booking", "{6EFDFF25-1015-44E9-94D9-464324E53668}"
EndProject
Project("{2150E333-8FDC-42A3-9474-1A3956D46DE8}") = "Notification", "Notification", "{50A14D14-C565-494A-B5D8-62C645F667B6}"
EndProject
Project("{2150E333-8FDC-42A3-9474-1A3956D46DE8}") = "Communication", "Communication", "{B08E0990-876E-4E81-91C7-EC7C9E69D59E}"
EndProject
Project("{2150E333-8FDC-42A3-9474-1A3956D46DE8}") = "Store", "Store", "{4FA584F9-6952-4402-B02E-F0C6BB84C15A}"
EndProject
Project("{2150E333-8FDC-42A3-9474-1A3956D46DE8}") = "Payment", "Payment", "{25C437E6-23D7-4994-A698-598CA2C1BFB3}"
EndProject
Project("{FAE04EC0-301F-11D3-BF4B-00C04F79EFBC}") = "Ocelot.APIGateway", "APIGateway\Ocelot.APIGateway\Ocelot.APIGateway.csproj", "{B8806E42-382B-4C65-94EC-AB95B5842D91}"
EndProject
Project("{2150E333-8FDC-42A3-9474-1A3956D46DE8}") = "APIGateway", "APIGateway", "{02EA681E-C7D8-13C7-8484-4AC65E1B71E8}"
EndProject
Project("{FAE04EC0-301F-11D3-BF4B-00C04F79EFBC}") = "Order.Domain", "Services\Order\Order.Domain\Order.Domain.csproj", "{BFF18832-6689-49B7-849B-469ECDBB4397}"
EndProject
Project("{FAE04EC0-301F-11D3-BF4B-00C04F79EFBC}") = "Product.Application", "Services\Product\Product.Application\Product.Application.csproj", "{1BEC76EB-3A6E-4B10-9289-CCA48DB82C19}"
EndProject
Project("{FAE04EC0-301F-11D3-BF4B-00C04F79EFBC}") = "Product.API", "Services\Product\Product.API\Product.API.csproj", "{F7A705A1-CD8B-404B-911E-69EBBF0E58B8}"
EndProject
Project("{FAE04EC0-301F-11D3-BF4B-00C04F79EFBC}") = "Product.Infrastructure", "Services\Product\Product.Infrastructure\Product.Infrastructure.csproj", "{725DBC9B-3547-5A8C-5FCB-EFDCEDCEB04B}"
EndProject
Project("{FAE04EC0-301F-11D3-BF4B-00C04F79EFBC}") = "Product.Domain", "Services\Product\Product.Domain\Product.Domain.csproj", "{92652C77-8A32-4C87-7244-0B9285E82F19}"
EndProject
Project("{2150E333-8FDC-42A3-9474-1A3956D46DE8}") = "BuildBlocks", "BuildBlocks", "{5DEC39B0-445F-4F1F-BC9C-22396982B1D6}"
EndProject
Project("{FAE04EC0-301F-11D3-BF4B-00C04F79EFBC}") = "BuildingBlocks", "BuildingBlocks\BuildingBlocks.csproj", "{83F1EBBB-2D0A-4459-AA0D-22E28B859A78}"
EndProject
Global
	GlobalSection(SolutionConfigurationPlatforms) = preSolution
		Debug|Any CPU = Debug|Any CPU
		Release|Any CPU = Release|Any CPU
	EndGlobalSection
	GlobalSection(ProjectConfigurationPlatforms) = postSolution
		{B8806E42-382B-4C65-94EC-AB95B5842D91}.Debug|Any CPU.ActiveCfg = Debug|Any CPU
		{B8806E42-382B-4C65-94EC-AB95B5842D91}.Debug|Any CPU.Build.0 = Debug|Any CPU
		{B8806E42-382B-4C65-94EC-AB95B5842D91}.Release|Any CPU.ActiveCfg = Release|Any CPU
		{B8806E42-382B-4C65-94EC-AB95B5842D91}.Release|Any CPU.Build.0 = Release|Any CPU
		{BFF18832-6689-49B7-849B-469ECDBB4397}.Debug|Any CPU.ActiveCfg = Debug|Any CPU
		{BFF18832-6689-49B7-849B-469ECDBB4397}.Debug|Any CPU.Build.0 = Debug|Any CPU
		{BFF18832-6689-49B7-849B-469ECDBB4397}.Release|Any CPU.ActiveCfg = Release|Any CPU
		{BFF18832-6689-49B7-849B-469ECDBB4397}.Release|Any CPU.Build.0 = Release|Any CPU
		{1BEC76EB-3A6E-4B10-9289-CCA48DB82C19}.Debug|Any CPU.ActiveCfg = Debug|Any CPU
		{1BEC76EB-3A6E-4B10-9289-CCA48DB82C19}.Debug|Any CPU.Build.0 = Debug|Any CPU
		{1BEC76EB-3A6E-4B10-9289-CCA48DB82C19}.Release|Any CPU.ActiveCfg = Release|Any CPU
		{1BEC76EB-3A6E-4B10-9289-CCA48DB82C19}.Release|Any CPU.Build.0 = Release|Any CPU
		{F7A705A1-CD8B-404B-911E-69EBBF0E58B8}.Debug|Any CPU.ActiveCfg = Debug|Any CPU
		{F7A705A1-CD8B-404B-911E-69EBBF0E58B8}.Debug|Any CPU.Build.0 = Debug|Any CPU
		{F7A705A1-CD8B-404B-911E-69EBBF0E58B8}.Release|Any CPU.ActiveCfg = Release|Any CPU
		{F7A705A1-CD8B-404B-911E-69EBBF0E58B8}.Release|Any CPU.Build.0 = Release|Any CPU
		{725DBC9B-3547-5A8C-5FCB-EFDCEDCEB04B}.Debug|Any CPU.ActiveCfg = Debug|Any CPU
		{725DBC9B-3547-5A8C-5FCB-EFDCEDCEB04B}.Debug|Any CPU.Build.0 = Debug|Any CPU
		{725DBC9B-3547-5A8C-5FCB-EFDCEDCEB04B}.Release|Any CPU.ActiveCfg = Release|Any CPU
		{725DBC9B-3547-5A8C-5FCB-EFDCEDCEB04B}.Release|Any CPU.Build.0 = Release|Any CPU
		{92652C77-8A32-4C87-7244-0B9285E82F19}.Debug|Any CPU.ActiveCfg = Debug|Any CPU
		{92652C77-8A32-4C87-7244-0B9285E82F19}.Debug|Any CPU.Build.0 = Debug|Any CPU
		{92652C77-8A32-4C87-7244-0B9285E82F19}.Release|Any CPU.ActiveCfg = Release|Any CPU
		{92652C77-8A32-4C87-7244-0B9285E82F19}.Release|Any CPU.Build.0 = Release|Any CPU
		{83F1EBBB-2D0A-4459-AA0D-22E28B859A78}.Debug|Any CPU.ActiveCfg = Debug|Any CPU
		{83F1EBBB-2D0A-4459-AA0D-22E28B859A78}.Debug|Any CPU.Build.0 = Debug|Any CPU
		{83F1EBBB-2D0A-4459-AA0D-22E28B859A78}.Release|Any CPU.ActiveCfg = Release|Any CPU
		{83F1EBBB-2D0A-4459-AA0D-22E28B859A78}.Release|Any CPU.Build.0 = Release|Any CPU
	EndGlobalSection
	GlobalSection(SolutionProperties) = preSolution
		HideSolutionNode = FALSE
	EndGlobalSection
	GlobalSection(NestedProjects) = preSolution
		{79B0C425-ED81-4A94-8684-1F9CDBB95F1F} = {DAC60EAB-44E4-491E-B240-03E85B948CE8}
		{F3613427-50AB-4CBF-861C-E47FD158B9AF} = {DAC60EAB-44E4-491E-B240-03E85B948CE8}
		{0F77ED5A-37F2-4D37-A0AB-ABF92ABDDBC7} = {DAC60EAB-44E4-491E-B240-03E85B948CE8}
		{6EFDFF25-1015-44E9-94D9-464324E53668} = {DAC60EAB-44E4-491E-B240-03E85B948CE8}
		{50A14D14-C565-494A-B5D8-62C645F667B6} = {DAC60EAB-44E4-491E-B240-03E85B948CE8}
		{B08E0990-876E-4E81-91C7-EC7C9E69D59E} = {DAC60EAB-44E4-491E-B240-03E85B948CE8}
		{4FA584F9-6952-4402-B02E-F0C6BB84C15A} = {DAC60EAB-44E4-491E-B240-03E85B948CE8}
		{25C437E6-23D7-4994-A698-598CA2C1BFB3} = {DAC60EAB-44E4-491E-B240-03E85B948CE8}
		{B8806E42-382B-4C65-94EC-AB95B5842D91} = {02EA681E-C7D8-13C7-8484-4AC65E1B71E8}
		{BFF18832-6689-49B7-849B-469ECDBB4397} = {0F77ED5A-37F2-4D37-A0AB-ABF92ABDDBC7}
		{1BEC76EB-3A6E-4B10-9289-CCA48DB82C19} = {F3613427-50AB-4CBF-861C-E47FD158B9AF}
		{F7A705A1-CD8B-404B-911E-69EBBF0E58B8} = {F3613427-50AB-4CBF-861C-E47FD158B9AF}
		{725DBC9B-3547-5A8C-5FCB-EFDCEDCEB04B} = {F3613427-50AB-4CBF-861C-E47FD158B9AF}
		{92652C77-8A32-4C87-7244-0B9285E82F19} = {F3613427-50AB-4CBF-861C-E47FD158B9AF}
		{83F1EBBB-2D0A-4459-AA0D-22E28B859A78} = {5DEC39B0-445F-4F1F-BC9C-22396982B1D6}
	EndGlobalSection
	GlobalSection(ExtensibilityGlobals) = postSolution
		SolutionGuid = {9C92839D-9E48-4880-A95E-581ED72F7400}
	EndGlobalSection
EndGlobal
